
Microsoft Visual Studio Solution File, Format Version 12.00
# Visual Studio 2012
# SharpDevelop 5.1
VisualStudioVersion = 12.0.20827.3
MinimumVisualStudioVersion = 10.0.40219.1
Project("{FAE04EC0-301F-11D3-BF4B-00C04F79EFBC}") = "PscdPack", "PscdPack\PscdPack.csproj", "{1E84AA2C-9110-40FD-93C5-8D14F5F9D86A}"
EndProject
Global
	GlobalSection(SolutionConfigurationPlatforms) = preSolution
		Debug|Any CPU = Debug|Any CPU
		Release|Any CPU = Release|Any CPU
	EndGlobalSection
	GlobalSection(ProjectConfigurationPlatforms) = postSolution
		{1E84AA2C-9110-40FD-93C5-8D14F5F9D86A}.Debug|Any CPU.ActiveCfg = Debug|Any CPU
		{1E84AA2C-9110-40FD-93C5-8D14F5F9D86A}.Debug|Any CPU.Build.0 = Debug|Any CPU
		{1E84AA2C-9110-40FD-93C5-8D14F5F9D86A}.Release|Any CPU.ActiveCfg = Release|Any CPU
		{1E84AA2C-9110-40FD-93C5-8D14F5F9D86A}.Release|Any CPU.Build.0 = Release|Any CPU
	EndGlobalSection
EndGlobal
